// !$*UTF8*$!
{
	archiveVersion = 1;
	classes = {
	};
	objectVersion = 46;
	objects = {

/* Begin PBXBuildFile section */
		29133456149646BB006D8A8C /* Foundation.framework in Frameworks */ = {isa = PBXBuildFile; fileRef = 29133455149646BB006D8A8C /* Foundation.framework */; };
		291334AD149648C2006D8A8C /* ASIAuthenticationDialog.h in Headers */ = {isa = PBXBuildFile; fileRef = 29133463149648C2006D8A8C /* ASIAuthenticationDialog.h */; };
		291334AE149648C2006D8A8C /* ASIAuthenticationDialog.m in Sources */ = {isa = PBXBuildFile; fileRef = 29133464149648C2006D8A8C /* ASIAuthenticationDialog.m */; };
		291334AF149648C2006D8A8C /* ASICacheDelegate.h in Headers */ = {isa = PBXBuildFile; fileRef = 29133465149648C2006D8A8C /* ASICacheDelegate.h */; };
		291334B0149648C2006D8A8C /* ASIDataCompressor.h in Headers */ = {isa = PBXBuildFile; fileRef = 29133466149648C2006D8A8C /* ASIDataCompressor.h */; };
		291334B1149648C2006D8A8C /* ASIDataCompressor.m in Sources */ = {isa = PBXBuildFile; fileRef = 29133467149648C2006D8A8C /* ASIDataCompressor.m */; };
		291334B2149648C2006D8A8C /* ASIDataDecompressor.h in Headers */ = {isa = PBXBuildFile; fileRef = 29133468149648C2006D8A8C /* ASIDataDecompressor.h */; };
		291334B3149648C2006D8A8C /* ASIDataDecompressor.m in Sources */ = {isa = PBXBuildFile; fileRef = 29133469149648C2006D8A8C /* ASIDataDecompressor.m */; };
		291334B4149648C2006D8A8C /* ASIDownloadCache.h in Headers */ = {isa = PBXBuildFile; fileRef = 2913346A149648C2006D8A8C /* ASIDownloadCache.h */; };
		291334B5149648C2006D8A8C /* ASIDownloadCache.m in Sources */ = {isa = PBXBuildFile; fileRef = 2913346B149648C2006D8A8C /* ASIDownloadCache.m */; };
		291334B6149648C2006D8A8C /* ASIFormDataRequest.h in Headers */ = {isa = PBXBuildFile; fileRef = 2913346C149648C2006D8A8C /* ASIFormDataRequest.h */; };
		291334B7149648C2006D8A8C /* ASIFormDataRequest.m in Sources */ = {isa = PBXBuildFile; fileRef = 2913346D149648C2006D8A8C /* ASIFormDataRequest.m */; };
		291334B8149648C2006D8A8C /* ASIHTTPRequest.h in Headers */ = {isa = PBXBuildFile; fileRef = 2913346E149648C2006D8A8C /* ASIHTTPRequest.h */; };
		291334B9149648C2006D8A8C /* ASIHTTPRequest.m in Sources */ = {isa = PBXBuildFile; fileRef = 2913346F149648C2006D8A8C /* ASIHTTPRequest.m */; };
		291334BA149648C2006D8A8C /* ASIHTTPRequestConfig.h in Headers */ = {isa = PBXBuildFile; fileRef = 29133470149648C2006D8A8C /* ASIHTTPRequestConfig.h */; };
		291334BB149648C2006D8A8C /* ASIHTTPRequestDelegate.h in Headers */ = {isa = PBXBuildFile; fileRef = 29133471149648C2006D8A8C /* ASIHTTPRequestDelegate.h */; };
		291334BC149648C2006D8A8C /* ASIInputStream.h in Headers */ = {isa = PBXBuildFile; fileRef = 29133472149648C2006D8A8C /* ASIInputStream.h */; };
		291334BD149648C2006D8A8C /* ASIInputStream.m in Sources */ = {isa = PBXBuildFile; fileRef = 29133473149648C2006D8A8C /* ASIInputStream.m */; };
		291334BE149648C2006D8A8C /* ASINetworkQueue.h in Headers */ = {isa = PBXBuildFile; fileRef = 29133474149648C2006D8A8C /* ASINetworkQueue.h */; };
		291334BF149648C2006D8A8C /* ASINetworkQueue.m in Sources */ = {isa = PBXBuildFile; fileRef = 29133475149648C2006D8A8C /* ASINetworkQueue.m */; };
		291334C0149648C2006D8A8C /* ASIProgressDelegate.h in Headers */ = {isa = PBXBuildFile; fileRef = 29133476149648C2006D8A8C /* ASIProgressDelegate.h */; };
		291334C1149648C2006D8A8C /* Reachability.h in Headers */ = {isa = PBXBuildFile; fileRef = 29133478149648C2006D8A8C /* Reachability.h */; };
		291334C2149648C2006D8A8C /* Reachability.m in Sources */ = {isa = PBXBuildFile; fileRef = 29133479149648C2006D8A8C /* Reachability.m */; };
		291334C3149648C2006D8A8C /* KalturaClient.h in Headers */ = {isa = PBXBuildFile; fileRef = 2913347A149648C2006D8A8C /* KalturaClient.h */; };
		291334C4149648C2006D8A8C /* KalturaClient.m in Sources */ = {isa = PBXBuildFile; fileRef = 2913347B149648C2006D8A8C /* KalturaClient.m */; };
		291334C5149648C2006D8A8C /* KalturaClientBase.h in Headers */ = {isa = PBXBuildFile; fileRef = 2913347C149648C2006D8A8C /* KalturaClientBase.h */; };
		291334C6149648C2006D8A8C /* KalturaClientBase.m in Sources */ = {isa = PBXBuildFile; fileRef = 2913347D149648C2006D8A8C /* KalturaClientBase.m */; };
		291334F3149648C2006D8A8C /* KalturaXmlParsers.h in Headers */ = {isa = PBXBuildFile; fileRef = 291334AB149648C2006D8A8C /* KalturaXmlParsers.h */; };
		291334F4149648C2006D8A8C /* KalturaXmlParsers.m in Sources */ = {isa = PBXBuildFile; fileRef = 291334AC149648C2006D8A8C /* KalturaXmlParsers.m */; };
<<< PBXBuildFile plugins >>>
/* End PBXBuildFile section */

/* Begin PBXFileReference section */
		29133452149646BB006D8A8C /* libKalturaClient.a */ = {isa = PBXFileReference; explicitFileType = archive.ar; includeInIndex = 0; path = libKalturaClient.a; sourceTree = BUILT_PRODUCTS_DIR; };
		29133455149646BB006D8A8C /* Foundation.framework */ = {isa = PBXFileReference; lastKnownFileType = wrapper.framework; name = Foundation.framework; path = System/Library/Frameworks/Foundation.framework; sourceTree = SDKROOT; };
		29133459149646BB006D8A8C /* KalturaClient-Prefix.pch */ = {isa = PBXFileReference; lastKnownFileType = sourcecode.c.h; path = "KalturaClient-Prefix.pch"; sourceTree = "<group>"; };
		29133463149648C2006D8A8C /* ASIAuthenticationDialog.h */ = {isa = PBXFileReference; fileEncoding = 4; lastKnownFileType = sourcecode.c.h; path = ASIAuthenticationDialog.h; sourceTree = "<group>"; };
		29133464149648C2006D8A8C /* ASIAuthenticationDialog.m */ = {isa = PBXFileReference; fileEncoding = 4; lastKnownFileType = sourcecode.c.objc; path = ASIAuthenticationDialog.m; sourceTree = "<group>"; };
		29133465149648C2006D8A8C /* ASICacheDelegate.h */ = {isa = PBXFileReference; fileEncoding = 4; lastKnownFileType = sourcecode.c.h; path = ASICacheDelegate.h; sourceTree = "<group>"; };
		29133466149648C2006D8A8C /* ASIDataCompressor.h */ = {isa = PBXFileReference; fileEncoding = 4; lastKnownFileType = sourcecode.c.h; path = ASIDataCompressor.h; sourceTree = "<group>"; };
		29133467149648C2006D8A8C /* ASIDataCompressor.m */ = {isa = PBXFileReference; fileEncoding = 4; lastKnownFileType = sourcecode.c.objc; path = ASIDataCompressor.m; sourceTree = "<group>"; };
		29133468149648C2006D8A8C /* ASIDataDecompressor.h */ = {isa = PBXFileReference; fileEncoding = 4; lastKnownFileType = sourcecode.c.h; path = ASIDataDecompressor.h; sourceTree = "<group>"; };
		29133469149648C2006D8A8C /* ASIDataDecompressor.m */ = {isa = PBXFileReference; fileEncoding = 4; lastKnownFileType = sourcecode.c.objc; path = ASIDataDecompressor.m; sourceTree = "<group>"; };
		2913346A149648C2006D8A8C /* ASIDownloadCache.h */ = {isa = PBXFileReference; fileEncoding = 4; lastKnownFileType = sourcecode.c.h; path = ASIDownloadCache.h; sourceTree = "<group>"; };
		2913346B149648C2006D8A8C /* ASIDownloadCache.m */ = {isa = PBXFileReference; fileEncoding = 4; lastKnownFileType = sourcecode.c.objc; path = ASIDownloadCache.m; sourceTree = "<group>"; };
		2913346C149648C2006D8A8C /* ASIFormDataRequest.h */ = {isa = PBXFileReference; fileEncoding = 4; lastKnownFileType = sourcecode.c.h; path = ASIFormDataRequest.h; sourceTree = "<group>"; };
		2913346D149648C2006D8A8C /* ASIFormDataRequest.m */ = {isa = PBXFileReference; fileEncoding = 4; lastKnownFileType = sourcecode.c.objc; path = ASIFormDataRequest.m; sourceTree = "<group>"; };
		2913346E149648C2006D8A8C /* ASIHTTPRequest.h */ = {isa = PBXFileReference; fileEncoding = 4; lastKnownFileType = sourcecode.c.h; path = ASIHTTPRequest.h; sourceTree = "<group>"; };
		2913346F149648C2006D8A8C /* ASIHTTPRequest.m */ = {isa = PBXFileReference; fileEncoding = 4; lastKnownFileType = sourcecode.c.objc; path = ASIHTTPRequest.m; sourceTree = "<group>"; };
		29133470149648C2006D8A8C /* ASIHTTPRequestConfig.h */ = {isa = PBXFileReference; fileEncoding = 4; lastKnownFileType = sourcecode.c.h; path = ASIHTTPRequestConfig.h; sourceTree = "<group>"; };
		29133471149648C2006D8A8C /* ASIHTTPRequestDelegate.h */ = {isa = PBXFileReference; fileEncoding = 4; lastKnownFileType = sourcecode.c.h; path = ASIHTTPRequestDelegate.h; sourceTree = "<group>"; };
		29133472149648C2006D8A8C /* ASIInputStream.h */ = {isa = PBXFileReference; fileEncoding = 4; lastKnownFileType = sourcecode.c.h; path = ASIInputStream.h; sourceTree = "<group>"; };
		29133473149648C2006D8A8C /* ASIInputStream.m */ = {isa = PBXFileReference; fileEncoding = 4; lastKnownFileType = sourcecode.c.objc; path = ASIInputStream.m; sourceTree = "<group>"; };
		29133474149648C2006D8A8C /* ASINetworkQueue.h */ = {isa = PBXFileReference; fileEncoding = 4; lastKnownFileType = sourcecode.c.h; path = ASINetworkQueue.h; sourceTree = "<group>"; };
		29133475149648C2006D8A8C /* ASINetworkQueue.m */ = {isa = PBXFileReference; fileEncoding = 4; lastKnownFileType = sourcecode.c.objc; path = ASINetworkQueue.m; sourceTree = "<group>"; };
		29133476149648C2006D8A8C /* ASIProgressDelegate.h */ = {isa = PBXFileReference; fileEncoding = 4; lastKnownFileType = sourcecode.c.h; path = ASIProgressDelegate.h; sourceTree = "<group>"; };
		29133477149648C2006D8A8C /* LICENSE */ = {isa = PBXFileReference; fileEncoding = 4; lastKnownFileType = text; path = LICENSE; sourceTree = "<group>"; };
		29133478149648C2006D8A8C /* Reachability.h */ = {isa = PBXFileReference; fileEncoding = 4; lastKnownFileType = sourcecode.c.h; path = Reachability.h; sourceTree = "<group>"; };
		29133479149648C2006D8A8C /* Reachability.m */ = {isa = PBXFileReference; fileEncoding = 4; lastKnownFileType = sourcecode.c.objc; path = Reachability.m; sourceTree = "<group>"; };
		2913347A149648C2006D8A8C /* KalturaClient.h */ = {isa = PBXFileReference; fileEncoding = 4; lastKnownFileType = sourcecode.c.h; path = KalturaClient.h; sourceTree = "<group>"; };
		2913347B149648C2006D8A8C /* KalturaClient.m */ = {isa = PBXFileReference; fileEncoding = 4; lastKnownFileType = sourcecode.c.objc; path = KalturaClient.m; sourceTree = "<group>"; };
		2913347C149648C2006D8A8C /* KalturaClientBase.h */ = {isa = PBXFileReference; fileEncoding = 4; lastKnownFileType = sourcecode.c.h; path = KalturaClientBase.h; sourceTree = "<group>"; };
		2913347D149648C2006D8A8C /* KalturaClientBase.m */ = {isa = PBXFileReference; fileEncoding = 4; lastKnownFileType = sourcecode.c.objc; path = KalturaClientBase.m; sourceTree = "<group>"; };
		291334AB149648C2006D8A8C /* KalturaXmlParsers.h */ = {isa = PBXFileReference; fileEncoding = 4; lastKnownFileType = sourcecode.c.h; path = KalturaXmlParsers.h; sourceTree = "<group>"; };
		291334AC149648C2006D8A8C /* KalturaXmlParsers.m */ = {isa = PBXFileReference; fileEncoding = 4; lastKnownFileType = sourcecode.c.objc; path = KalturaXmlParsers.m; sourceTree = "<group>"; };
<<< PBXFileReference plugins >>>
/* End PBXFileReference section */

/* Begin PBXFrameworksBuildPhase section */
		2913344F149646BB006D8A8C /* Frameworks */ = {
			isa = PBXFrameworksBuildPhase;
			buildActionMask = 2147483647;
			files = (
				29133456149646BB006D8A8C /* Foundation.framework in Frameworks */,
			);
			runOnlyForDeploymentPostprocessing = 0;
		};
/* End PBXFrameworksBuildPhase section */

/* Begin PBXGroup section */
		29133447149646BB006D8A8C = {
			isa = PBXGroup;
			children = (
				29133457149646BB006D8A8C /* KalturaClient */,
				29133454149646BB006D8A8C /* Frameworks */,
				29133453149646BB006D8A8C /* Products */,
			);
			sourceTree = "<group>";
		};
		29133453149646BB006D8A8C /* Products */ = {
			isa = PBXGroup;
			children = (
				29133452149646BB006D8A8C /* libKalturaClient.a */,
			);
			name = Products;
			sourceTree = "<group>";
		};
		29133454149646BB006D8A8C /* Frameworks */ = {
			isa = PBXGroup;
			children = (
				29133455149646BB006D8A8C /* Foundation.framework */,
			);
			name = Frameworks;
			sourceTree = "<group>";
		};
		29133457149646BB006D8A8C /* KalturaClient */ = {
			isa = PBXGroup;
			children = (
				29133462149648C2006D8A8C /* ASIHttpRequest */,
				2913347A149648C2006D8A8C /* KalturaClient.h */,
				2913347B149648C2006D8A8C /* KalturaClient.m */,
				2913347C149648C2006D8A8C /* KalturaClientBase.h */,
				2913347D149648C2006D8A8C /* KalturaClientBase.m */,
				2913347E149648C2006D8A8C /* KalturaPlugins */,
				291334AB149648C2006D8A8C /* KalturaXmlParsers.h */,
				291334AC149648C2006D8A8C /* KalturaXmlParsers.m */,
				29133458149646BB006D8A8C /* Supporting Files */,
			);
			path = KalturaClient;
			sourceTree = "<group>";
		};
		29133458149646BB006D8A8C /* Supporting Files */ = {
			isa = PBXGroup;
			children = (
				29133459149646BB006D8A8C /* KalturaClient-Prefix.pch */,
			);
			name = "Supporting Files";
			sourceTree = "<group>";
		};
		29133462149648C2006D8A8C /* ASIHttpRequest */ = {
			isa = PBXGroup;
			children = (
				29133463149648C2006D8A8C /* ASIAuthenticationDialog.h */,
				29133464149648C2006D8A8C /* ASIAuthenticationDialog.m */,
				29133465149648C2006D8A8C /* ASICacheDelegate.h */,
				29133466149648C2006D8A8C /* ASIDataCompressor.h */,
				29133467149648C2006D8A8C /* ASIDataCompressor.m */,
				29133468149648C2006D8A8C /* ASIDataDecompressor.h */,
				29133469149648C2006D8A8C /* ASIDataDecompressor.m */,
				2913346A149648C2006D8A8C /* ASIDownloadCache.h */,
				2913346B149648C2006D8A8C /* ASIDownloadCache.m */,
				2913346C149648C2006D8A8C /* ASIFormDataRequest.h */,
				2913346D149648C2006D8A8C /* ASIFormDataRequest.m */,
				2913346E149648C2006D8A8C /* ASIHTTPRequest.h */,
				2913346F149648C2006D8A8C /* ASIHTTPRequest.m */,
				29133470149648C2006D8A8C /* ASIHTTPRequestConfig.h */,
				29133471149648C2006D8A8C /* ASIHTTPRequestDelegate.h */,
				29133472149648C2006D8A8C /* ASIInputStream.h */,
				29133473149648C2006D8A8C /* ASIInputStream.m */,
				29133474149648C2006D8A8C /* ASINetworkQueue.h */,
				29133475149648C2006D8A8C /* ASINetworkQueue.m */,
				29133476149648C2006D8A8C /* ASIProgressDelegate.h */,
				29133477149648C2006D8A8C /* LICENSE */,
				29133478149648C2006D8A8C /* Reachability.h */,
				29133479149648C2006D8A8C /* Reachability.m */,
			);
			path = ASIHttpRequest;
			sourceTree = "<group>";
		};
		2913347E149648C2006D8A8C /* KalturaPlugins */ = {
			isa = PBXGroup;
			children = (
<<< PBXGroup plugins >>>
			);
			path = KalturaPlugins;
			sourceTree = "<group>";
		};
/* End PBXGroup section */

/* Begin PBXHeadersBuildPhase section */
		29133450149646BB006D8A8C /* Headers */ = {
			isa = PBXHeadersBuildPhase;
			buildActionMask = 2147483647;
			files = (
				291334AD149648C2006D8A8C /* ASIAuthenticationDialog.h in Headers */,
				291334AF149648C2006D8A8C /* ASICacheDelegate.h in Headers */,
				291334B0149648C2006D8A8C /* ASIDataCompressor.h in Headers */,
				291334B2149648C2006D8A8C /* ASIDataDecompressor.h in Headers */,
				291334B4149648C2006D8A8C /* ASIDownloadCache.h in Headers */,
				291334B6149648C2006D8A8C /* ASIFormDataRequest.h in Headers */,
				291334B8149648C2006D8A8C /* ASIHTTPRequest.h in Headers */,
				291334BA149648C2006D8A8C /* ASIHTTPRequestConfig.h in Headers */,
				291334BB149648C2006D8A8C /* ASIHTTPRequestDelegate.h in Headers */,
				291334BC149648C2006D8A8C /* ASIInputStream.h in Headers */,
				291334BE149648C2006D8A8C /* ASINetworkQueue.h in Headers */,
				291334C0149648C2006D8A8C /* ASIProgressDelegate.h in Headers */,
				291334C1149648C2006D8A8C /* Reachability.h in Headers */,
				291334C3149648C2006D8A8C /* KalturaClient.h in Headers */,
				291334C5149648C2006D8A8C /* KalturaClientBase.h in Headers */,
				291334F3149648C2006D8A8C /* KalturaXmlParsers.h in Headers */,
<<< PBXHeadersBuildPhase plugins >>>
			);
			runOnlyForDeploymentPostprocessing = 0;
		};
/* End PBXHeadersBuildPhase section */

/* Begin PBXNativeTarget section */
		29133451149646BB006D8A8C /* KalturaClient */ = {
			isa = PBXNativeTarget;
			buildConfigurationList = 2913345F149646BB006D8A8C /* Build configuration list for PBXNativeTarget "KalturaClient" */;
			buildPhases = (
				2913344E149646BB006D8A8C /* Sources */,
				2913344F149646BB006D8A8C /* Frameworks */,
				29133450149646BB006D8A8C /* Headers */,
			);
			buildRules = (
			);
			dependencies = (
			);
			name = KalturaClient;
			productName = KalturaClient;
			productReference = 29133452149646BB006D8A8C /* libKalturaClient.a */;
			productType = "com.apple.product-type.library.static";
		};
/* End PBXNativeTarget section */

/* Begin PBXProject section */
		29133449149646BB006D8A8C /* Project object */ = {
			isa = PBXProject;
			buildConfigurationList = 2913344C149646BB006D8A8C /* Build configuration list for PBXProject "KalturaClient" */;
			compatibilityVersion = "Xcode 3.2";
			developmentRegion = English;
			hasScannedForEncodings = 0;
			knownRegions = (
				en,
			);
			mainGroup = 29133447149646BB006D8A8C;
			productRefGroup = 29133453149646BB006D8A8C /* Products */;
			projectDirPath = "";
			projectRoot = "";
			targets = (
				29133451149646BB006D8A8C /* KalturaClient */,
			);
		};
/* End PBXProject section */

/* Begin PBXSourcesBuildPhase section */
		2913344E149646BB006D8A8C /* Sources */ = {
			isa = PBXSourcesBuildPhase;
			buildActionMask = 2147483647;
			files = (
				291334AE149648C2006D8A8C /* ASIAuthenticationDialog.m in Sources */,
				291334B1149648C2006D8A8C /* ASIDataCompressor.m in Sources */,
				291334B3149648C2006D8A8C /* ASIDataDecompressor.m in Sources */,
				291334B5149648C2006D8A8C /* ASIDownloadCache.m in Sources */,
				291334B7149648C2006D8A8C /* ASIFormDataRequest.m in Sources */,
				291334B9149648C2006D8A8C /* ASIHTTPRequest.m in Sources */,
				291334BD149648C2006D8A8C /* ASIInputStream.m in Sources */,
				291334BF149648C2006D8A8C /* ASINetworkQueue.m in Sources */,
				291334C2149648C2006D8A8C /* Reachability.m in Sources */,
				291334C4149648C2006D8A8C /* KalturaClient.m in Sources */,
				291334C6149648C2006D8A8C /* KalturaClientBase.m in Sources */,
				291334F4149648C2006D8A8C /* KalturaXmlParsers.m in Sources */,
<<< PBXSourcesBuildPhase plugins >>>
			);
			runOnlyForDeploymentPostprocessing = 0;
		};
/* End PBXSourcesBuildPhase section */

/* Begin XCBuildConfiguration section */
		2913345D149646BB006D8A8C /* Debug */ = {
			isa = XCBuildConfiguration;
			buildSettings = {
				ALWAYS_SEARCH_USER_PATHS = NO;
				ARCHS = "$(ARCHS_STANDARD_32_BIT)";
				COPY_PHASE_STRIP = NO;
				GCC_C_LANGUAGE_STANDARD = gnu99;
				GCC_DYNAMIC_NO_PIC = NO;
				GCC_OPTIMIZATION_LEVEL = 0;
				GCC_PREPROCESSOR_DEFINITIONS = (
					"DEBUG=1",
					"$(inherited)",
				);
				GCC_SYMBOLS_PRIVATE_EXTERN = NO;
				GCC_VERSION = com.apple.compilers.llvmgcc42;
				GCC_WARN_ABOUT_MISSING_PROTOTYPES = YES;
				GCC_WARN_ABOUT_RETURN_TYPE = YES;
				GCC_WARN_UNUSED_VARIABLE = YES;
				IPHONEOS_DEPLOYMENT_TARGET = 4.3;
				SDKROOT = iphoneos;
			};
			name = Debug;
		};
		2913345E149646BB006D8A8C /* Release */ = {
			isa = XCBuildConfiguration;
			buildSettings = {
				ALWAYS_SEARCH_USER_PATHS = NO;
				ARCHS = "$(ARCHS_STANDARD_32_BIT)";
				COPY_PHASE_STRIP = YES;
				GCC_C_LANGUAGE_STANDARD = gnu99;
				GCC_VERSION = com.apple.compilers.llvmgcc42;
				GCC_WARN_ABOUT_MISSING_PROTOTYPES = YES;
				GCC_WARN_ABOUT_RETURN_TYPE = YES;
				GCC_WARN_UNUSED_VARIABLE = YES;
				IPHONEOS_DEPLOYMENT_TARGET = 4.3;
				SDKROOT = iphoneos;
				VALIDATE_PRODUCT = YES;
			};
			name = Release;
		};
		29133460149646BB006D8A8C /* Debug */ = {
			isa = XCBuildConfiguration;
			buildSettings = {
				DSTROOT = /tmp/KalturaClient.dst;
				GCC_PRECOMPILE_PREFIX_HEADER = YES;
				GCC_PREFIX_HEADER = "KalturaClient/KalturaClient-Prefix.pch";
				HEADER_SEARCH_PATHS = /usr/include/libxml2;
				OTHER_LDFLAGS = "-ObjC";
				PRODUCT_NAME = "$(TARGET_NAME)";
				SKIP_INSTALL = YES;
			};
			name = Debug;
		};
		29133461149646BB006D8A8C /* Release */ = {
			isa = XCBuildConfiguration;
			buildSettings = {
				DSTROOT = /tmp/KalturaClient.dst;
				GCC_PRECOMPILE_PREFIX_HEADER = YES;
				GCC_PREFIX_HEADER = "KalturaClient/KalturaClient-Prefix.pch";
				HEADER_SEARCH_PATHS = /usr/include/libxml2;
				OTHER_LDFLAGS = "-ObjC";
				PRODUCT_NAME = "$(TARGET_NAME)";
				SKIP_INSTALL = YES;
			};
			name = Release;
		};
/* End XCBuildConfiguration section */

/* Begin XCConfigurationList section */
		2913344C149646BB006D8A8C /* Build configuration list for PBXProject "KalturaClient" */ = {
			isa = XCConfigurationList;
			buildConfigurations = (
				2913345D149646BB006D8A8C /* Debug */,
				2913345E149646BB006D8A8C /* Release */,
			);
			defaultConfigurationIsVisible = 0;
			defaultConfigurationName = Release;
		};
		2913345F149646BB006D8A8C /* Build configuration list for PBXNativeTarget "KalturaClient" */ = {
			isa = XCConfigurationList;
			buildConfigurations = (
				29133460149646BB006D8A8C /* Debug */,
				29133461149646BB006D8A8C /* Release */,
			);
			defaultConfigurationIsVisible = 0;
		};
/* End XCConfigurationList section */
	};
	rootObject = 29133449149646BB006D8A8C /* Project object */;
}
